
Microsoft Visual Studio Solution File, Format Version 12.00
# Visual Studio Version 17
VisualStudioVersion = 17.0.31903.59
MinimumVisualStudioVersion = 10.0.40219.1
Project("{9A19103F-16F7-4668-BE54-9A1E7A4F7556}") = "WPF_MessageBox", "WPF_MessageBox\WPF_MessageBox.csproj", "{E8F2F250-3088-4F89-8BB2-583544F06F72}"
EndProject
Project("{9A19103F-16F7-4668-BE54-9A1E7A4F7556}") = "WPF_OpenFileDialog", "WPF.OpenFileDialog\WPF_OpenFileDialog.csproj", "{5D41B69B-6AF9-4045-9BB5-51BDDD7E224D}"
EndProject
Project("{FAE04EC0-301F-11D3-BF4B-00C04F79EFBC}") = "WPF_FolderBrowserDialog", "WPF_FolderBrowserDialog\WPF_FolderBrowserDialog.csproj", "{3FAEA726-3FF1-4428-AF94-0A16CDE2C244}"
EndProject
Global
	GlobalSection(SolutionConfigurationPlatforms) = preSolution
		Debug|Any CPU = Debug|Any CPU
		Release|Any CPU = Release|Any CPU
	EndGlobalSection
	GlobalSection(ProjectConfigurationPlatforms) = postSolution
		{E8F2F250-3088-4F89-8BB2-583544F06F72}.Debug|Any CPU.ActiveCfg = Debug|Any CPU
		{E8F2F250-3088-4F89-8BB2-583544F06F72}.Debug|Any CPU.Build.0 = Debug|Any CPU
		{E8F2F250-3088-4F89-8BB2-583544F06F72}.Release|Any CPU.ActiveCfg = Release|Any CPU
		{E8F2F250-3088-4F89-8BB2-583544F06F72}.Release|Any CPU.Build.0 = Release|Any CPU
		{5D41B69B-6AF9-4045-9BB5-51BDDD7E224D}.Debug|Any CPU.ActiveCfg = Debug|Any CPU
		{5D41B69B-6AF9-4045-9BB5-51BDDD7E224D}.Debug|Any CPU.Build.0 = Debug|Any CPU
		{5D41B69B-6AF9-4045-9BB5-51BDDD7E224D}.Release|Any CPU.ActiveCfg = Release|Any CPU
		{5D41B69B-6AF9-4045-9BB5-51BDDD7E224D}.Release|Any CPU.Build.0 = Release|Any CPU
		{3FAEA726-3FF1-4428-AF94-0A16CDE2C244}.Debug|Any CPU.ActiveCfg = Debug|Any CPU
		{3FAEA726-3FF1-4428-AF94-0A16CDE2C244}.Debug|Any CPU.Build.0 = Debug|Any CPU
		{3FAEA726-3FF1-4428-AF94-0A16CDE2C244}.Release|Any CPU.ActiveCfg = Release|Any CPU
		{3FAEA726-3FF1-4428-AF94-0A16CDE2C244}.Release|Any CPU.Build.0 = Release|Any CPU
	EndGlobalSection
	GlobalSection(SolutionProperties) = preSolution
		HideSolutionNode = FALSE
	EndGlobalSection
	GlobalSection(ExtensibilityGlobals) = postSolution
		SolutionGuid = {B3ACE90E-1091-48AE-876C-CBDFCB02E63F}
	EndGlobalSection
EndGlobal
